
Microsoft Visual Studio Solution File, Format Version 12.00
# Visual Studio Version 17
VisualStudioVersion = 17.14.36518.9 d17.14
MinimumVisualStudioVersion = 10.0.40219.1
Project("{FAE04EC0-301F-11D3-BF4B-00C04F79EFBC}") = "WinFormsApp6", "WinFormsApp6\WinFormsApp6.csproj", "{C8AA4B6C-3EAE-4E3C-A1DD-BE157375A78C}"
EndProject
Global
	GlobalSection(SolutionConfigurationPlatforms) = preSolution
		Debug|Any CPU = Debug|Any CPU
		Release|Any CPU = Release|Any CPU
	EndGlobalSection
	GlobalSection(ProjectConfigurationPlatforms) = postSolution
		{C8AA4B6C-3EAE-4E3C-A1DD-BE157375A78C}.Debug|Any CPU.ActiveCfg = Debug|Any CPU
		{C8AA4B6C-3EAE-4E3C-A1DD-BE157375A78C}.Debug|Any CPU.Build.0 = Debug|Any CPU
		{C8AA4B6C-3EAE-4E3C-A1DD-BE157375A78C}.Release|Any CPU.ActiveCfg = Release|Any CPU
		{C8AA4B6C-3EAE-4E3C-A1DD-BE157375A78C}.Release|Any CPU.Build.0 = Release|Any CPU
	EndGlobalSection
	GlobalSection(SolutionProperties) = preSolution
		HideSolutionNode = FALSE
	EndGlobalSection
	GlobalSection(ExtensibilityGlobals) = postSolution
		SolutionGuid = {1DC2D76A-905D-40E5-998C-71FF66E56B1B}
	EndGlobalSection
EndGlobal
